
Microsoft Visual Studio Solution File, Format Version 12.00
# Visual Studio 15
VisualStudioVersion = 15.0.28307.271
MinimumVisualStudioVersion = 10.0.40219.1
Project("{FAE04EC0-301F-11D3-BF4B-00C04F79EFBC}") = "Opgave1", "Metoderne\Opgave1.csproj", "{5156E6B5-39EC-4A60-AF68-B399D40AC40A}"
EndProject
Project("{FAE04EC0-301F-11D3-BF4B-00C04F79EFBC}") = "Opgave2", "Opgave2\Opgave2.csproj", "{7F87ABCE-EB00-4DB7-934A-CDD7033F05CE}"
EndProject
Project("{FAE04EC0-301F-11D3-BF4B-00C04F79EFBC}") = "Opgave3", "Opgave3\Opgave3.csproj", "{5DAC667E-A805-48B2-82A0-7DD7F40D2E8A}"
EndProject
Global
	GlobalSection(SolutionConfigurationPlatforms) = preSolution
		Debug|Any CPU = Debug|Any CPU
		Release|Any CPU = Release|Any CPU
	EndGlobalSection
	GlobalSection(ProjectConfigurationPlatforms) = postSolution
		{5156E6B5-39EC-4A60-AF68-B399D40AC40A}.Debug|Any CPU.ActiveCfg = Debug|Any CPU
		{5156E6B5-39EC-4A60-AF68-B399D40AC40A}.Debug|Any CPU.Build.0 = Debug|Any CPU
		{5156E6B5-39EC-4A60-AF68-B399D40AC40A}.Release|Any CPU.ActiveCfg = Release|Any CPU
		{5156E6B5-39EC-4A60-AF68-B399D40AC40A}.Release|Any CPU.Build.0 = Release|Any CPU
		{7F87ABCE-EB00-4DB7-934A-CDD7033F05CE}.Debug|Any CPU.ActiveCfg = Debug|Any CPU
		{7F87ABCE-EB00-4DB7-934A-CDD7033F05CE}.Debug|Any CPU.Build.0 = Debug|Any CPU
		{7F87ABCE-EB00-4DB7-934A-CDD7033F05CE}.Release|Any CPU.ActiveCfg = Release|Any CPU
		{7F87ABCE-EB00-4DB7-934A-CDD7033F05CE}.Release|Any CPU.Build.0 = Release|Any CPU
		{5DAC667E-A805-48B2-82A0-7DD7F40D2E8A}.Debug|Any CPU.ActiveCfg = Debug|Any CPU
		{5DAC667E-A805-48B2-82A0-7DD7F40D2E8A}.Debug|Any CPU.Build.0 = Debug|Any CPU
		{5DAC667E-A805-48B2-82A0-7DD7F40D2E8A}.Release|Any CPU.ActiveCfg = Release|Any CPU
		{5DAC667E-A805-48B2-82A0-7DD7F40D2E8A}.Release|Any CPU.Build.0 = Release|Any CPU
	EndGlobalSection
	GlobalSection(SolutionProperties) = preSolution
		HideSolutionNode = FALSE
	EndGlobalSection
	GlobalSection(ExtensibilityGlobals) = postSolution
		SolutionGuid = {EEBA8681-BF56-430A-9DE6-A94B20604595}
	EndGlobalSection
EndGlobal
